
Microsoft Visual Studio Solution File, Format Version 11.00
# Visual Studio 2010
Project("{FAE04EC0-301F-11D3-BF4B-00C04F79EFBC}") = "LightParser", "LightParser.csproj", "{6A9C56D3-A8A8-428A-8A01-D8421EEE2B0C}"
EndProject
Project("{FAE04EC0-301F-11D3-BF4B-00C04F79EFBC}") = "Test", "..\Ttest\Test.csproj", "{6F507A83-6150-4700-BDAF-B700A3A70723}"
EndProject
Global
	GlobalSection(SolutionConfigurationPlatforms) = preSolution
		Debug|Any CPU = Debug|Any CPU
		Debug|Mixed Platforms = Debug|Mixed Platforms
		Debug|x86 = Debug|x86
		Release|Any CPU = Release|Any CPU
		Release|Mixed Platforms = Release|Mixed Platforms
		Release|x86 = Release|x86
	EndGlobalSection
	GlobalSection(ProjectConfigurationPlatforms) = postSolution
		{6A9C56D3-A8A8-428A-8A01-D8421EEE2B0C}.Debug|Any CPU.ActiveCfg = Debug|Any CPU
		{6A9C56D3-A8A8-428A-8A01-D8421EEE2B0C}.Debug|Any CPU.Build.0 = Debug|Any CPU
		{6A9C56D3-A8A8-428A-8A01-D8421EEE2B0C}.Debug|Mixed Platforms.ActiveCfg = Debug|Any CPU
		{6A9C56D3-A8A8-428A-8A01-D8421EEE2B0C}.Debug|Mixed Platforms.Build.0 = Debug|Any CPU
		{6A9C56D3-A8A8-428A-8A01-D8421EEE2B0C}.Debug|x86.ActiveCfg = Debug|Any CPU
		{6A9C56D3-A8A8-428A-8A01-D8421EEE2B0C}.Release|Any CPU.ActiveCfg = Release|Any CPU
		{6A9C56D3-A8A8-428A-8A01-D8421EEE2B0C}.Release|Any CPU.Build.0 = Release|Any CPU
		{6A9C56D3-A8A8-428A-8A01-D8421EEE2B0C}.Release|Mixed Platforms.ActiveCfg = Release|Any CPU
		{6A9C56D3-A8A8-428A-8A01-D8421EEE2B0C}.Release|Mixed Platforms.Build.0 = Release|Any CPU
		{6A9C56D3-A8A8-428A-8A01-D8421EEE2B0C}.Release|x86.ActiveCfg = Release|Any CPU
		{6F507A83-6150-4700-BDAF-B700A3A70723}.Debug|Any CPU.ActiveCfg = Debug|x86
		{6F507A83-6150-4700-BDAF-B700A3A70723}.Debug|Mixed Platforms.ActiveCfg = Debug|x86
		{6F507A83-6150-4700-BDAF-B700A3A70723}.Debug|Mixed Platforms.Build.0 = Debug|x86
		{6F507A83-6150-4700-BDAF-B700A3A70723}.Debug|x86.ActiveCfg = Debug|x86
		{6F507A83-6150-4700-BDAF-B700A3A70723}.Debug|x86.Build.0 = Debug|x86
		{6F507A83-6150-4700-BDAF-B700A3A70723}.Release|Any CPU.ActiveCfg = Release|x86
		{6F507A83-6150-4700-BDAF-B700A3A70723}.Release|Mixed Platforms.ActiveCfg = Release|x86
		{6F507A83-6150-4700-BDAF-B700A3A70723}.Release|Mixed Platforms.Build.0 = Release|x86
		{6F507A83-6150-4700-BDAF-B700A3A70723}.Release|x86.ActiveCfg = Release|x86
		{6F507A83-6150-4700-BDAF-B700A3A70723}.Release|x86.Build.0 = Release|x86
	EndGlobalSection
	GlobalSection(SolutionProperties) = preSolution
		HideSolutionNode = FALSE
	EndGlobalSection
EndGlobal
